
Microsoft Visual Studio Solution File, Format Version 12.00
# Visual Studio 15
VisualStudioVersion = 15.0.28307.102
MinimumVisualStudioVersion = 10.0.40219.1
Project("{FAE04EC0-301F-11D3-BF4B-00C04F79EFBC}") = "DesignPattern", "DesignPattern\DesignPattern.csproj", "{DF78F11C-057F-4B1D-A503-EDE2930C3B48}"
EndProject
Project("{FAE04EC0-301F-11D3-BF4B-00C04F79EFBC}") = "NUnitTestProject1", "NUnitTestProject1\NUnitTestProject1.csproj", "{384C82FF-1777-40E5-9DB9-C800E7357686}"
EndProject
Project("{FAE04EC0-301F-11D3-BF4B-00C04F79EFBC}") = "ConsoleApp1", "ConsoleApp1\ConsoleApp1.csproj", "{FF93C7B1-889A-4FB3-827F-F3A723D53F08}"
EndProject
Global
	GlobalSection(SolutionConfigurationPlatforms) = preSolution
		Debug|Any CPU = Debug|Any CPU
		Release|Any CPU = Release|Any CPU
	EndGlobalSection
	GlobalSection(ProjectConfigurationPlatforms) = postSolution
		{DF78F11C-057F-4B1D-A503-EDE2930C3B48}.Debug|Any CPU.ActiveCfg = Debug|Any CPU
		{DF78F11C-057F-4B1D-A503-EDE2930C3B48}.Debug|Any CPU.Build.0 = Debug|Any CPU
		{DF78F11C-057F-4B1D-A503-EDE2930C3B48}.Release|Any CPU.ActiveCfg = Release|Any CPU
		{DF78F11C-057F-4B1D-A503-EDE2930C3B48}.Release|Any CPU.Build.0 = Release|Any CPU
		{384C82FF-1777-40E5-9DB9-C800E7357686}.Debug|Any CPU.ActiveCfg = Debug|Any CPU
		{384C82FF-1777-40E5-9DB9-C800E7357686}.Debug|Any CPU.Build.0 = Debug|Any CPU
		{384C82FF-1777-40E5-9DB9-C800E7357686}.Release|Any CPU.ActiveCfg = Release|Any CPU
		{384C82FF-1777-40E5-9DB9-C800E7357686}.Release|Any CPU.Build.0 = Release|Any CPU
		{FF93C7B1-889A-4FB3-827F-F3A723D53F08}.Debug|Any CPU.ActiveCfg = Debug|Any CPU
		{FF93C7B1-889A-4FB3-827F-F3A723D53F08}.Debug|Any CPU.Build.0 = Debug|Any CPU
		{FF93C7B1-889A-4FB3-827F-F3A723D53F08}.Release|Any CPU.ActiveCfg = Release|Any CPU
		{FF93C7B1-889A-4FB3-827F-F3A723D53F08}.Release|Any CPU.Build.0 = Release|Any CPU
	EndGlobalSection
	GlobalSection(SolutionProperties) = preSolution
		HideSolutionNode = FALSE
	EndGlobalSection
	GlobalSection(ExtensibilityGlobals) = postSolution
		SolutionGuid = {C5AD01DF-10C3-4300-9813-33FD28344A8B}
	EndGlobalSection
EndGlobal
